github.com/aleksatr/go-bencode v0.0.0-20200413201258-b899a06787b7 h1:8iRVX0Klzv5fUDXYQq76W0BL01Jd7CMDsJSdyjFkQNA=
github.com/aleksatr/go-bencode v0.0.0-20200413201258-b899a06787b7/go.mod h1:duDiJkwa9nlO+QJpMRiw9ARBGoIlUDKlIUIGevjv+ZE=
github.com/cristalhq/bencode v0.1.1 h1:TgPyN7qFk4haFwfBa+lIfrhCiRPLAw6xg0a5Cr8mOvc=
github.com/cristalhq/bencode v0.1.1/go.mod h1:jeU9UXyYxND864Vhrommq0Aif3sGpf9HUkGK1PPh54w=
github.com/davecgh/go-spew v1.1.0 h1:ZDRjVQ15GmhC3fiQ8ni8+OwkZQO4DARzQgrnXU1Liz8=
github.com/davecgh/go-spew v1.1.0/go.mod h1:J7Y8YcW2NihsgmVo/mv3lAwl/skON4iLHjSsI+c5H38=
github.com/jackpal/bencode-go v1.0.0 h1:lzbSPPqqSfWQnqVNe/BBY1NXdDpncArxShL10+fmFus=
github.com/jackpal/bencode-go v1.0.0/go.mod h1:5FSBQ74yhCl5oQ+QxRPYzWMONFnxbL68/23eezsBI5c=
github.com/marksamman/bencode v0.0.0-20150821143521-dc84f26e086e h1:KMs6SK8iDSR1+ZzOK10L5wGPpWDByyvOe5nrqk51g2U=
github.com/marksamman/bencode v0.0.0-20150821143521-dc84f26e086e/go.mod h1:+AHfJo5+69p+fjvMJTmYajNP9rFBHQcaTDFmuXRRATI=
github.com/nabilanam/bencode v0.0.0-20190329141800-cde546b1530b h1:FI0Nkv+1QliMvijDxgLFFwVtToJ6io2qQ5eQ9yq/GXk=
github.com/nabilanam/bencode v0.0.0-20190329141800-cde546b1530b/go.mod h1:GccFMl3+y0zo6GBHvoFKxWnckINgQrJbvQABAf0RTZ4=
github.com/pmezard/go-difflib v1.0.0 h1:4DBwDE0NGyQoBHbLQYPwSUPoCMWR5BEzIk/f1lZbAQM=
github.com/pmezard/go-difflib v1.0.0/go.mod h1:iKH77koFhYxTK1pcRnkKkqfTogsbg7gZNVY4sRDYZ/4=
github.com/stretchr/objx v0.1.0/go.mod h1:HFkY916IF+rwdDfMAkV7OtwuqBVzrE8GR6GFx+wExME=
github.com/stretchr/testify v1.6.1 h1:hDPOHmpOpP40lSULcqw7IrRb/u7w6RpDC9399XyoNd0=
github.com/stretchr/testify v1.6.1/go.mod h1:6Fq8oRcR53rry900zMqJjRRixrwX3KX962/h/Wwjteg=
github.com/zeebo/bencode v1.0.0 h1:zgop0Wu1nu4IexAZeCZ5qbsjU4O1vMrfCrVgUjbHVuA=
github.com/zeebo/bencode v1.0.0/go.mod h1:Ct7CkrWIQuLWAy9M3atFHYq4kG9Ao/SsY5cdtCXmp9Y=
gopkg.in/check.v1 v0.0.0-20161208181325-20d25e280405 h1:yhCVgyC4o1eVCa2tZl7eS0r+SDo693bJlVdllGtEeKM=
gopkg.in/check.v1 v0.0.0-20161208181325-20d25e280405/go.mod h1:Co6ibVJAznAaIkqp8huTwlJQCZ016jof/cbN4VW5Yz0=
gopkg.in/yaml.v3 v3.0.0-20200313102051-9f266ea9e77c h1:dUUwHk2QECo/6vqA44rthZ8ie2QXMNeKRTHCNY2nXvo=
gopkg.in/yaml.v3 v3.0.0-20200313102051-9f266ea9e77c/go.mod h1:K4uyk7z7BCEPqu6E+C64Yfv1cQ7kz7rIZviUmN+EgEM=
